dependencies:
  atanisoft/esp_lcd_ili9488:
    component_hash: 45d4c19647801a7000f9106b39127576fb58bd623fb13c1453071190c6f0b8e3
    dependencies:
    - name: idf
      require: private
      version: '>=4.4.2'
    source:
      registry_url: https://components.espressif.com/
      type: service
    version: 1.1.0
  espressif/mpu6050:
    component_hash: 3370b55e3c1337c0a80c8cd833bf48c0ba61cf9f7d226856ae88abb61eba1d67
    dependencies:
    - name: idf
      require: private
      version: '>=4.0'
    source:
      registry_url: https://components.espressif.com/
      type: service
    version: 1.2.1
  idf:
    source:
      type: idf
    version: 5.5.3
  lvgl/lvgl:
    component_hash: 184e532558c1c45fefed631f3e235423d22582aafb4630f3e8885c35281a49ae
    dependencies: []
    source:
      registry_url: https://components.espressif.com/
      type: service
    version: 9.5.0
direct_dependencies:
- atanisoft/esp_lcd_ili9488
- espressif/mpu6050
- idf
- lvgl/lvgl
manifest_hash: fb8cf1e7716ff7dd0c74a9c65db580c9db533f9b5eccccf3460e1d28e6512601
target: esp32s3
version: 2.0.0
